
Microsoft Visual Studio Solution File, Format Version 12.00
Project("{FAE04EC0-301F-11D3-BF4B-00C04F79EFBC}") = "Exercicios", "Exercicios\Exercicios.csproj", "{C0C9E992-01E1-44D8-B7F8-9E18A0A00982}"
EndProject
Global
	GlobalSection(SolutionConfigurationPlatforms) = preSolution
		Debug|Any CPU = Debug|Any CPU
		Release|Any CPU = Release|Any CPU
	EndGlobalSection
	GlobalSection(ProjectConfigurationPlatforms) = postSolution
		{C0C9E992-01E1-44D8-B7F8-9E18A0A00982}.Debug|Any CPU.ActiveCfg = Debug|Any CPU
		{C0C9E992-01E1-44D8-B7F8-9E18A0A00982}.Debug|Any CPU.Build.0 = Debug|Any CPU
		{C0C9E992-01E1-44D8-B7F8-9E18A0A00982}.Release|Any CPU.ActiveCfg = Release|Any CPU
		{C0C9E992-01E1-44D8-B7F8-9E18A0A00982}.Release|Any CPU.Build.0 = Release|Any CPU
	EndGlobalSection
EndGlobal
